schema: '2.0'
stages:
  validate_dataset:
    cmd: '".\training\.venv\Scripts\python.exe" training\scripts\validate_dataset.py'
    deps:
    - path: training/clips
      hash: md5
      md5: faf3bc903b7d5dddbb3edd744c8b5f06.dir
      size: 3113001682
      nfiles: 2671
    - path: training/labels.csv
      hash: md5
      md5: 3c56ff30924e59bd41335a3a85ce0c30
      size: 2309
    - path: training/scripts/validate_dataset.py
      hash: md5
      md5: 286049c172d43bdea74b9c7e380894d1
      size: 5791
    - path: training/test.csv
      hash: md5
      md5: 7268285eb314cce19ccac02bb977228d
      size: 14755
    - path: training/train.csv
      hash: md5
      md5: 49ff0a2ae93c89f078526e843ad28781
      size: 81666
    params:
      training/config.json:
        labels:
        - YES
        - NO
        - DEAF
        - THANK YOU
        - SLOW
        - DON’T UNDERSTAND
        - BARANGAY CLEARANCE
        - BLOTTER REPORT
        - CEDULA
        - DRIVERS LICENSE
        - LAND DEED
        - NO_SIGN
        paths.labels_csv: labels.csv
        paths.test_csv: test.csv
        paths.train_csv: train.csv
        paths.video_base: clips
    outs:
    - path: training/artifacts/baseline-v12/dataset_report.json
      hash: md5
      md5: 40be9b2023267ac40a937dce076d9f4b
      size: 1786
  build_splits:
    cmd: '".\training\.venv\Scripts\python.exe" training\scripts\build_splits.py'
    deps:
    - path: training/artifacts/baseline-v12/dataset_report.json
      hash: md5
      md5: 40be9b2023267ac40a937dce076d9f4b
      size: 1786
    - path: training/scripts/build_splits.py
      hash: md5
      md5: f903cd5b07520e85922bd9bf119027f8
      size: 6230
    - path: training/test.csv
      hash: md5
      md5: 7268285eb314cce19ccac02bb977228d
      size: 14755
    - path: training/train.csv
      hash: md5
      md5: 49ff0a2ae93c89f078526e843ad28781
      size: 81666
    params:
      training/config.json:
        labels:
        - YES
        - NO
        - DEAF
        - THANK YOU
        - SLOW
        - DON’T UNDERSTAND
        - BARANGAY CLEARANCE
        - BLOTTER REPORT
        - CEDULA
        - DRIVERS LICENSE
        - LAND DEED
        - NO_SIGN
        paths.test_csv: test.csv
        paths.train_csv: train.csv
        paths.video_base: clips
        random_seed: 42
        split_ratios:
          train: 0.7
          validation: 0.15
          test: 0.15
    outs:
    - path: training/artifacts/baseline-v12/split_report.json
      hash: md5
      md5: bf9a8c40d0b88b9c5cf8d377cf4c7182
      size: 19964
    - path: training/artifacts/baseline-v12/splits
      hash: md5
      md5: 3f174637c8ecace905f27dab146a64db.dir
      size: 27560
      nfiles: 3
  extract_landmarks:
    cmd: '".\training\.venv\Scripts\python.exe" training\scripts\extract_landmarks.py'
    deps:
    - path: training/artifacts/baseline-v12/splits
      hash: md5
      md5: 3f174637c8ecace905f27dab146a64db.dir
      size: 27560
      nfiles: 3
    - path: training/clips
      hash: md5
      md5: faf3bc903b7d5dddbb3edd744c8b5f06.dir
      size: 3113001682
      nfiles: 2671
    - path: training/models/hand_landmarker.task
      hash: md5
      md5: 15318430ea3851670fe9914116a9cfad
      size: 7819105
    - path: training/scripts/extract_landmarks.py
      hash: md5
      md5: 296d8dcdde6d713f5cbd010e7ec50a30
      size: 8950
    params:
      training/config.json:
        feature_count: 128
        hand_landmarker:
          num_hands: 2
          min_hand_detection_confidence: 0.4
          min_hand_presence_confidence: 0.4
          min_tracking_confidence: 0.4
        labels:
        - YES
        - NO
        - DEAF
        - THANK YOU
        - SLOW
        - DON’T UNDERSTAND
        - BARANGAY CLEARANCE
        - BLOTTER REPORT
        - CEDULA
        - DRIVERS LICENSE
        - LAND DEED
        - NO_SIGN
        paths.hand_landmarker_model: models/hand_landmarker.task
        sequence_length: 40
        temporal_crop:
          start_ratio: 0.15
          end_ratio: 0.85
        version: baseline-v12
    outs:
    - path: training/cache/baseline-v12
      hash: md5
      md5: a7422f1bfa0ae409105f6599a7ce9d9e.dir
      size: 1684668
      nfiles: 7
  train_model:
    cmd: '".\training\.venv\Scripts\python.exe" training\scripts\train_model.py'
    deps:
    - path: training/cache/baseline-v12/train.npz
      hash: md5
      md5: 619f9069c46fe8f64d0f83fbb9fd7649
      size: 1184647
    - path: training/cache/baseline-v12/validation.npz
      hash: md5
      md5: d03277ec4f25b1089d12498a00571b23
      size: 237215
    - path: training/scripts/train_model.py
      hash: md5
      md5: c4cadf15c2583220e9528905809339cb
      size: 8614
    params:
      training/config.json:
        feature_count: 128
        labels:
        - YES
        - NO
        - DEAF
        - THANK YOU
        - SLOW
        - DON’T UNDERSTAND
        - BARANGAY CLEARANCE
        - BLOTTER REPORT
        - CEDULA
        - DRIVERS LICENSE
        - LAND DEED
        - NO_SIGN
        random_seed: 42
        sequence_length: 40
        training:
          epochs: 100
          batch_size: 16
          learning_rate: 0.001
          early_stopping_patience: 15
          balanced_sampling: true
          augmentation:
            enabled: true
            temporal_jitter_frames: 4
            temporal_scale_range:
            - 0.85
            - 1.15
            max_rotation_degrees: 8.0
            coordinate_noise_stddev: 0.01
            frame_drop_probability: 0.08
            landmark_mask_probability: 0.02
        version: baseline-v12
    outs:
    - path: training/artifacts/baseline-v12/model
      hash: md5
      md5: ff05946dd33e40ec76f0a5dd41c14850.dir
      size: 1739391
      nfiles: 5
  evaluate_model:
    cmd: '".\training\.venv\Scripts\python.exe" training\scripts\evaluate_model.py'
    deps:
    - path: training/artifacts/baseline-v12/model/best.keras
      hash: md5
      md5: 8a36bb6bdc01555481cb1bfc9a2cadf8
      size: 864562
    - path: training/cache/baseline-v12/test.npz
      hash: md5
      md5: 66af6148848515c69d39262ee321c372
      size: 231163
    - path: training/scripts/evaluate_model.py
      hash: md5
      md5: c4cb175aa46641ffadce139544daddae
      size: 3681
    params:
      training/config.json:
        labels:
        - YES
        - NO
        - DEAF
        - THANK YOU
        - SLOW
        - DON’T UNDERSTAND
        - BARANGAY CLEARANCE
        - BLOTTER REPORT
        - CEDULA
        - DRIVERS LICENSE
        - LAND DEED
        - NO_SIGN
    outs:
    - path: training/artifacts/baseline-v12/evaluation/confusion_matrix.png
      hash: md5
      md5: 8d03c21c45b95e81fd17421e70b5a263
      size: 137596
    - path: training/artifacts/baseline-v12/evaluation/metrics.json
      hash: md5
      md5: 6cae3feb4b8146cfe24dfc68e588bc06
      size: 2349
    - path: training/artifacts/baseline-v12/evaluation/predictions.npz
      hash: md5
      md5: f6c27d64fa87af5a55e8e6c7f613c2dd
      size: 2327
