schema: '2.0'
stages:
  validate_dataset:
    cmd: '".\training\.venv\Scripts\python.exe" training\scripts\validate_dataset.py'
    deps:
    - path: training/clips
      hash: md5
      md5: cbdd0909f89853998dd292b563f000da.dir
      size: 462791309
      nfiles: 2150
    - path: training/labels.csv
      hash: md5
      md5: 70a46f41a1416523c0fc479c41eaae31
      size: 2049
    - path: training/scripts/validate_dataset.py
      hash: md5
      md5: 4ce3696c33d84f887e0b10563546e6cd
      size: 5532
    - path: training/test.csv
      hash: md5
      md5: 7268285eb314cce19ccac02bb977228d
      size: 14755
    - path: training/train.csv
      hash: md5
      md5: ea1cf7523d578a97f63457b413640363
      size: 60042
    params:
      training/config.json:
        labels:
        - YES
        - NO
        - DEAF
        - THANK YOU
        - SLOW
        - DON’T UNDERSTAND
        - MARRIAGE LICENSE
        paths.labels_csv: labels.csv
        paths.test_csv: test.csv
        paths.train_csv: train.csv
        paths.video_base: clips
    outs:
    - path: training/artifacts/baseline-v3/dataset_report.json
      hash: md5
      md5: 471b58e4ba36dbcea3e151a3312e13b8
      size: 1674
  build_splits:
    cmd: '".\training\.venv\Scripts\python.exe" training\scripts\build_splits.py'
    deps:
    - path: training/artifacts/baseline-v3/dataset_report.json
      hash: md5
      md5: 471b58e4ba36dbcea3e151a3312e13b8
      size: 1674
    - path: training/scripts/build_splits.py
      hash: md5
      md5: e543448f640528a6014cb2e50d297373
      size: 4549
    - path: training/test.csv
      hash: md5
      md5: 7268285eb314cce19ccac02bb977228d
      size: 14755
    - path: training/train.csv
      hash: md5
      md5: ea1cf7523d578a97f63457b413640363
      size: 60042
    params:
      training/config.json:
        labels:
        - YES
        - NO
        - DEAF
        - THANK YOU
        - SLOW
        - DON’T UNDERSTAND
        - MARRIAGE LICENSE
        paths.test_csv: test.csv
        paths.train_csv: train.csv
        paths.video_base: clips
        random_seed: 42
        split_ratios:
          train: 0.7
          validation: 0.15
          test: 0.15
    outs:
    - path: training/artifacts/baseline-v3/split_report.json
      hash: md5
      md5: 38d0b4d5f225646425faf6183aac6bcd
      size: 1143
    - path: training/artifacts/baseline-v3/splits
      hash: md5
      md5: ae3af003eddf9530a01bc7ac2f7f9998.dir
      size: 6442
      nfiles: 3
  extract_landmarks:
    cmd: '".\training\.venv\Scripts\python.exe" training\scripts\extract_landmarks.py'
    deps:
    - path: training/artifacts/baseline-v3/splits
      hash: md5
      md5: ae3af003eddf9530a01bc7ac2f7f9998.dir
      size: 6442
      nfiles: 3
    - path: training/clips
      hash: md5
      md5: cbdd0909f89853998dd292b563f000da.dir
      size: 462791309
      nfiles: 2150
    - path: training/models/hand_landmarker.task
      hash: md5
      md5: 15318430ea3851670fe9914116a9cfad
      size: 7819105
    - path: training/scripts/extract_landmarks.py
      hash: md5
      md5: 296d8dcdde6d713f5cbd010e7ec50a30
      size: 8950
    params:
      training/config.json:
        feature_count: 128
        hand_landmarker:
          num_hands: 2
          min_hand_detection_confidence: 0.4
          min_hand_presence_confidence: 0.4
          min_tracking_confidence: 0.4
        labels:
        - YES
        - NO
        - DEAF
        - THANK YOU
        - SLOW
        - DON’T UNDERSTAND
        - MARRIAGE LICENSE
        paths.hand_landmarker_model: models/hand_landmarker.task
        sequence_length: 40
        temporal_crop:
          start_ratio: 0.15
          end_ratio: 0.85
        version: baseline-v3
    outs:
    - path: training/cache/baseline-v3
      hash: md5
      md5: 6fa4122db1f3828875fd8bb28b95e576.dir
      size: 887824
      nfiles: 7
  train_model:
    cmd: '".\training\.venv\Scripts\python.exe" training\scripts\train_model.py'
    deps:
    - path: training/cache/baseline-v3/train.npz
      hash: md5
      md5: fdd25d89bc50a780c57948854c5aba2f
      size: 608408
    - path: training/cache/baseline-v3/validation.npz
      hash: md5
      md5: 7bf0dbcf8d3770308304b968572fe52e
      size: 120676
    - path: training/scripts/train_model.py
      hash: md5
      md5: c9c8dad3ebe6189fc0414ad6b90d7eaa
      size: 4272
    params:
      training/config.json:
        feature_count: 128
        labels:
        - YES
        - NO
        - DEAF
        - THANK YOU
        - SLOW
        - DON’T UNDERSTAND
        - MARRIAGE LICENSE
        random_seed: 42
        sequence_length: 40
        training:
          epochs: 100
          batch_size: 16
          learning_rate: 0.001
          early_stopping_patience: 15
        version: baseline-v3
    outs:
    - path: training/artifacts/baseline-v3/model
      hash: md5
      md5: 27f5ee7de719a91f3c43b761cfe47820.dir
      size: 1732698
      nfiles: 5
  evaluate_model:
    cmd: '".\training\.venv\Scripts\python.exe" training\scripts\evaluate_model.py'
    deps:
    - path: training/artifacts/baseline-v3/model/best.keras
      hash: md5
      md5: 65c9f67639f906b982648c542c59c29e
      size: 860659
    - path: training/cache/baseline-v3/test.npz
      hash: md5
      md5: bf853317cdaf257bc8019fe19db023fe
      size: 140100
    - path: training/scripts/evaluate_model.py
      hash: md5
      md5: b8360b30135fea69f0fb303fa23170fe
      size: 3635
    params:
      training/config.json:
        labels:
        - YES
        - NO
        - DEAF
        - THANK YOU
        - SLOW
        - DON’T UNDERSTAND
        - MARRIAGE LICENSE
    outs:
    - path: training/artifacts/baseline-v3/evaluation/confusion_matrix.png
      hash: md5
      md5: cde900e5e7043f362aaa5210c47c53cf
      size: 76624
    - path: training/artifacts/baseline-v3/evaluation/metrics.json
      hash: md5
      md5: dbc7fd21a5365e15622666a64b0f3876
      size: 1578
    - path: training/artifacts/baseline-v3/evaluation/predictions.npz
      hash: md5
      md5: 1cc80e68d9f1a2927db4bb707f53c2a5
      size: 1241
